// !$*UTF8*$!
{
	archiveVersion = 1;
	classes = {
	};
	objectVersion = 56;
	objects = {

/* Begin PBXBuildFile section */
		28AAA4F6297652E200753373 /* AppDelegate.swift in Sources */ = {isa = PBXBuildFile; fileRef = 28AAA4F5297652E200753373 /* AppDelegate.swift */; };
		28AAA4F8297652E200753373 /* GameScene.sks in Resources */ = {isa = PBXBuildFile; fileRef = 28AAA4F7297652E200753373 /* GameScene.sks */; };
		28AAA4FA297652E200753373 /* Actions.sks in Resources */ = {isa = PBXBuildFile; fileRef = 28AAA4F9297652E200753373 /* Actions.sks */; };
		28AAA4FC297652E200753373 /* GameScene.swift in Sources */ = {isa = PBXBuildFile; fileRef = 28AAA4FB297652E200753373 /* GameScene.swift */; };
		28AAA4FE297652E200753373 /* GameViewController.swift in Sources */ = {isa = PBXBuildFile; fileRef = 28AAA4FD297652E200753373 /* GameViewController.swift */; };
		28AAA501297652E200753373 /* Main.storyboard in Resources */ = {isa = PBXBuildFile; fileRef = 28AAA4FF297652E200753373 /* Main.storyboard */; };
		28AAA503297652E300753373 /* Assets.xcassets in Resources */ = {isa = PBXBuildFile; fileRef = 28AAA502297652E300753373 /* Assets.xcassets */; };
		28AAA506297652E300753373 /* LaunchScreen.storyboard in Resources */ = {isa = PBXBuildFile; fileRef = 28AAA504297652E300753373 /* LaunchScreen.storyboard */; };
		28AAA50E2976663600753373 /* GameProtocol.swift in Sources */ = {isa = PBXBuildFile; fileRef = 28AAA50D2976663600753373 /* GameProtocol.swift */; };
		28AAA5102976674400753373 /* GameObject.swift in Sources */ = {isa = PBXBuildFile; fileRef = 28AAA50F2976674400753373 /* GameObject.swift */; };
		28AAA5272976698800753373 /* plane3.png in Resources */ = {isa = PBXBuildFile; fileRef = 28AAA5132976698800753373 /* plane3.png */; };
		28AAA5282976698800753373 /* plane2.png in Resources */ = {isa = PBXBuildFile; fileRef = 28AAA5142976698800753373 /* plane2.png */; };
		28AAA5292976698800753373 /* plane1.png in Resources */ = {isa = PBXBuildFile; fileRef = 28AAA5152976698800753373 /* plane1.png */; };
		28AAA52A2976698800753373 /* backButton.png in Resources */ = {isa = PBXBuildFile; fileRef = 28AAA5162976698800753373 /* backButton.png */; };
		28AAA52B2976698800753373 /* plane.png in Resources */ = {isa = PBXBuildFile; fileRef = 28AAA5172976698800753373 /* plane.png */; };
		28AAA52C2976698800753373 /* island.png in Resources */ = {isa = PBXBuildFile; fileRef = 28AAA5182976698800753373 /* island.png */; };
		28AAA52D2976698800753373 /* ocean.gif in Resources */ = {isa = PBXBuildFile; fileRef = 28AAA5192976698800753373 /* ocean.gif */; };
		28AAA52E2976698800753373 /* cloud.png in Resources */ = {isa = PBXBuildFile; fileRef = 28AAA51A2976698800753373 /* cloud.png */; };
		28AAA52F2976698800753373 /* nextButton.png in Resources */ = {isa = PBXBuildFile; fileRef = 28AAA51B2976698800753373 /* nextButton.png */; };
		28AAA5302976698800753373 /* ocean.png in Resources */ = {isa = PBXBuildFile; fileRef = 28AAA51C2976698800753373 /* ocean.png */; };
		28AAA5312976698800753373 /* startButton.png in Resources */ = {isa = PBXBuildFile; fileRef = 28AAA51D2976698800753373 /* startButton.png */; };
		28AAA5322976698800753373 /* thunder.ogg in Resources */ = {isa = PBXBuildFile; fileRef = 28AAA51F2976698800753373 /* thunder.ogg */; };
		28AAA5332976698800753373 /* yay.ogg in Resources */ = {isa = PBXBuildFile; fileRef = 28AAA5202976698800753373 /* yay.ogg */; };
		28AAA5342976698800753373 /* engine.ogg in Resources */ = {isa = PBXBuildFile; fileRef = 28AAA5212976698800753373 /* engine.ogg */; };
		28AAA5352976698800753373 /* engine.mp3 in Resources */ = {isa = PBXBuildFile; fileRef = 28AAA5222976698800753373 /* engine.mp3 */; };
		28AAA5362976698800753373 /* thunder.mp3 in Resources */ = {isa = PBXBuildFile; fileRef = 28AAA5232976698800753373 /* thunder.mp3 */; };
		28AAA5372976698800753373 /* yay.mp3 in Resources */ = {isa = PBXBuildFile; fileRef = 28AAA5242976698800753373 /* yay.mp3 */; };
		28AAA5382976698800753373 /* Dock51.ttf in Resources */ = {isa = PBXBuildFile; fileRef = 28AAA5262976698800753373 /* Dock51.ttf */; };
/* End PBXBuildFile section */

/* Begin PBXFileReference section */
		28AAA4F2297652E200753373 /* MAPD724-W2023-ICE-1A-AdrianaDiaz.app */ = {isa = PBXFileReference; explicitFileType = wrapper.application; includeInIndex = 0; path = "MAPD724-W2023-ICE-1A-AdrianaDiaz.app"; sourceTree = BUILT_PRODUCTS_DIR; };
		28AAA4F5297652E200753373 /* AppDelegate.swift */ = {isa = PBXFileReference; lastKnownFileType = sourcecode.swift; path = AppDelegate.swift; sourceTree = "<group>"; };
		28AAA4F7297652E200753373 /* GameScene.sks */ = {isa = PBXFileReference; lastKnownFileType = file.sks; path = GameScene.sks; sourceTree = "<group>"; };
		28AAA4F9297652E200753373 /* Actions.sks */ = {isa = PBXFileReference; lastKnownFileType = file.sks; path = Actions.sks; sourceTree = "<group>"; };
		28AAA4FB297652E200753373 /* GameScene.swift */ = {isa = PBXFileReference; lastKnownFileType = sourcecode.swift; path = GameScene.swift; sourceTree = "<group>"; };
		28AAA4FD297652E200753373 /* GameViewController.swift */ = {isa = PBXFileReference; lastKnownFileType = sourcecode.swift; path = GameViewController.swift; sourceTree = "<group>"; };
		28AAA500297652E200753373 /* Base */ = {isa = PBXFileReference; lastKnownFileType = file.storyboard; name = Base; path = Base.lproj/Main.storyboard; sourceTree = "<group>"; };
		28AAA502297652E300753373 /* Assets.xcassets */ = {isa = PBXFileReference; lastKnownFileType = folder.assetcatalog; path = Assets.xcassets; sourceTree = "<group>"; };
		28AAA505297652E300753373 /* Base */ = {isa = PBXFileReference; lastKnownFileType = file.storyboard; name = Base; path = Base.lproj/LaunchScreen.storyboard; sourceTree = "<group>"; };
		28AAA50D2976663600753373 /* GameProtocol.swift */ = {isa = PBXFileReference; lastKnownFileType = sourcecode.swift; path = GameProtocol.swift; sourceTree = "<group>"; };
		28AAA50F2976674400753373 /* GameObject.swift */ = {isa = PBXFileReference; lastKnownFileType = sourcecode.swift; path = GameObject.swift; sourceTree = "<group>"; };
		28AAA5132976698800753373 /* plane3.png */ = {isa = PBXFileReference; lastKnownFileType = image.png; path = plane3.png; sourceTree = "<group>"; };
		28AAA5142976698800753373 /* plane2.png */ = {isa = PBXFileReference; lastKnownFileType = image.png; path = plane2.png; sourceTree = "<group>"; };
		28AAA5152976698800753373 /* plane1.png */ = {isa = PBXFileReference; lastKnownFileType = image.png; path = plane1.png; sourceTree = "<group>"; };
		28AAA5162976698800753373 /* backButton.png */ = {isa = PBXFileReference; lastKnownFileType = image.png; path = backButton.png; sourceTree = "<group>"; };
		28AAA5172976698800753373 /* plane.png */ = {isa = PBXFileReference; lastKnownFileType = image.png; path = plane.png; sourceTree = "<group>"; };
		28AAA5182976698800753373 /* island.png */ = {isa = PBXFileReference; lastKnownFileType = image.png; path = island.png; sourceTree = "<group>"; };
		28AAA5192976698800753373 /* ocean.gif */ = {isa = PBXFileReference; lastKnownFileType = image.gif; path = ocean.gif; sourceTree = "<group>"; };
		28AAA51A2976698800753373 /* cloud.png */ = {isa = PBXFileReference; lastKnownFileType = image.png; path = cloud.png; sourceTree = "<group>"; };
		28AAA51B2976698800753373 /* nextButton.png */ = {isa = PBXFileReference; lastKnownFileType = image.png; path = nextButton.png; sourceTree = "<group>"; };
		28AAA51C2976698800753373 /* ocean.png */ = {isa = PBXFileReference; lastKnownFileType = image.png; path = ocean.png; sourceTree = "<group>"; };
		28AAA51D2976698800753373 /* startButton.png */ = {isa = PBXFileReference; lastKnownFileType = image.png; path = startButton.png; sourceTree = "<group>"; };
		28AAA51F2976698800753373 /* thunder.ogg */ = {isa = PBXFileReference; lastKnownFileType = file; path = thunder.ogg; sourceTree = "<group>"; };
		28AAA5202976698800753373 /* yay.ogg */ = {isa = PBXFileReference; lastKnownFileType = file; path = yay.ogg; sourceTree = "<group>"; };
		28AAA5212976698800753373 /* engine.ogg */ = {isa = PBXFileReference; lastKnownFileType = file; path = engine.ogg; sourceTree = "<group>"; };
		28AAA5222976698800753373 /* engine.mp3 */ = {isa = PBXFileReference; lastKnownFileType = audio.mp3; path = engine.mp3; sourceTree = "<group>"; };
		28AAA5232976698800753373 /* thunder.mp3 */ = {isa = PBXFileReference; lastKnownFileType = audio.mp3; path = thunder.mp3; sourceTree = "<group>"; };
		28AAA5242976698800753373 /* yay.mp3 */ = {isa = PBXFileReference; lastKnownFileType = audio.mp3; path = yay.mp3; sourceTree = "<group>"; };
		28AAA5262976698800753373 /* Dock51.ttf */ = {isa = PBXFileReference; lastKnownFileType = file; path = Dock51.ttf; sourceTree = "<group>"; };
/* End PBXFileReference section */

/* Begin PBXFrameworksBuildPhase section */
		28AAA4EF297652E200753373 /* Frameworks */ = {
			isa = PBXFrameworksBuildPhase;
			buildActionMask = 2147483647;
			files = (
			);
			runOnlyForDeploymentPostprocessing = 0;
		};
/* End PBXFrameworksBuildPhase section */

/* Begin PBXGroup section */
		28AAA4E9297652E100753373 = {
			isa = PBXGroup;
			children = (
				28AAA5112976698800753373 /* Assets */,
				28AAA4F4297652E200753373 /* MAPD724-W2023-ICE-1A-AdrianaDiaz */,
				28AAA4F3297652E200753373 /* Products */,
			);
			sourceTree = "<group>";
		};
		28AAA4F3297652E200753373 /* Products */ = {
			isa = PBXGroup;
			children = (
				28AAA4F2297652E200753373 /* MAPD724-W2023-ICE-1A-AdrianaDiaz.app */,
			);
			name = Products;
			sourceTree = "<group>";
		};
		28AAA4F4297652E200753373 /* MAPD724-W2023-ICE-1A-AdrianaDiaz */ = {
			isa = PBXGroup;
			children = (
				28AAA50C2976660300753373 /* Core */,
				28AAA4F5297652E200753373 /* AppDelegate.swift */,
				28AAA4F7297652E200753373 /* GameScene.sks */,
				28AAA4F9297652E200753373 /* Actions.sks */,
				28AAA4FB297652E200753373 /* GameScene.swift */,
				28AAA4FD297652E200753373 /* GameViewController.swift */,
				28AAA4FF297652E200753373 /* Main.storyboard */,
				28AAA502297652E300753373 /* Assets.xcassets */,
				28AAA504297652E300753373 /* LaunchScreen.storyboard */,
			);
			path = "MAPD724-W2023-ICE-1A-AdrianaDiaz";
			sourceTree = "<group>";
		};
		28AAA50C2976660300753373 /* Core */ = {
			isa = PBXGroup;
			children = (
				28AAA50D2976663600753373 /* GameProtocol.swift */,
				28AAA50F2976674400753373 /* GameObject.swift */,
			);
			path = Core;
			sourceTree = "<group>";
		};
		28AAA5112976698800753373 /* Assets */ = {
			isa = PBXGroup;
			children = (
				28AAA5122976698800753373 /* images */,
				28AAA51E2976698800753373 /* audio */,
				28AAA5252976698800753373 /* fonts */,
			);
			path = Assets;
			sourceTree = "<group>";
		};
		28AAA5122976698800753373 /* images */ = {
			isa = PBXGroup;
			children = (
				28AAA5132976698800753373 /* plane3.png */,
				28AAA5142976698800753373 /* plane2.png */,
				28AAA5152976698800753373 /* plane1.png */,
				28AAA5162976698800753373 /* backButton.png */,
				28AAA5172976698800753373 /* plane.png */,
				28AAA5182976698800753373 /* island.png */,
				28AAA5192976698800753373 /* ocean.gif */,
				28AAA51A2976698800753373 /* cloud.png */,
				28AAA51B2976698800753373 /* nextButton.png */,
				28AAA51C2976698800753373 /* ocean.png */,
				28AAA51D2976698800753373 /* startButton.png */,
			);
			path = images;
			sourceTree = "<group>";
		};
		28AAA51E2976698800753373 /* audio */ = {
			isa = PBXGroup;
			children = (
				28AAA51F2976698800753373 /* thunder.ogg */,
				28AAA5202976698800753373 /* yay.ogg */,
				28AAA5212976698800753373 /* engine.ogg */,
				28AAA5222976698800753373 /* engine.mp3 */,
				28AAA5232976698800753373 /* thunder.mp3 */,
				28AAA5242976698800753373 /* yay.mp3 */,
			);
			path = audio;
			sourceTree = "<group>";
		};
		28AAA5252976698800753373 /* fonts */ = {
			isa = PBXGroup;
			children = (
				28AAA5262976698800753373 /* Dock51.ttf */,
			);
			path = fonts;
			sourceTree = "<group>";
		};
/* End PBXGroup section */

/* Begin PBXNativeTarget section */
		28AAA4F1297652E200753373 /* MAPD724-W2023-ICE-1A-AdrianaDiaz */ = {
			isa = PBXNativeTarget;
			buildConfigurationList = 28AAA509297652E300753373 /* Build configuration list for PBXNativeTarget "MAPD724-W2023-ICE-1A-AdrianaDiaz" */;
			buildPhases = (
				28AAA4EE297652E200753373 /* Sources */,
				28AAA4EF297652E200753373 /* Frameworks */,
				28AAA4F0297652E200753373 /* Resources */,
			);
			buildRules = (
			);
			dependencies = (
			);
			name = "MAPD724-W2023-ICE-1A-AdrianaDiaz";
			productName = "MAPD724-W2023-ICE-1A-AdrianaDiaz";
			productReference = 28AAA4F2297652E200753373 /* MAPD724-W2023-ICE-1A-AdrianaDiaz.app */;
			productType = "com.apple.product-type.application";
		};
/* End PBXNativeTarget section */

/* Begin PBXProject section */
		28AAA4EA297652E100753373 /* Project object */ = {
			isa = PBXProject;
			attributes = {
				BuildIndependentTargetsInParallel = 1;
				LastSwiftUpdateCheck = 1410;
				LastUpgradeCheck = 1410;
				TargetAttributes = {
					28AAA4F1297652E200753373 = {
						CreatedOnToolsVersion = 14.1;
					};
				};
			};
			buildConfigurationList = 28AAA4ED297652E100753373 /* Build configuration list for PBXProject "MAPD724-W2023-ICE-1A-AdrianaDiaz" */;
			compatibilityVersion = "Xcode 14.0";
			developmentRegion = en;
			hasScannedForEncodings = 0;
			knownRegions = (
				en,
				Base,
			);
			mainGroup = 28AAA4E9297652E100753373;
			productRefGroup = 28AAA4F3297652E200753373 /* Products */;
			projectDirPath = "";
			projectRoot = "";
			targets = (
				28AAA4F1297652E200753373 /* MAPD724-W2023-ICE-1A-AdrianaDiaz */,
			);
		};
/* End PBXProject section */

/* Begin PBXResourcesBuildPhase section */
		28AAA4F0297652E200753373 /* Resources */ = {
			isa = PBXResourcesBuildPhase;
			buildActionMask = 2147483647;
			files = (
				28AAA501297652E200753373 /* Main.storyboard in Resources */,
				28AAA52C2976698800753373 /* island.png in Resources */,
				28AAA5322976698800753373 /* thunder.ogg in Resources */,
				28AAA52F2976698800753373 /* nextButton.png in Resources */,
				28AAA4F8297652E200753373 /* GameScene.sks in Resources */,
				28AAA5382976698800753373 /* Dock51.ttf in Resources */,
				28AAA52B2976698800753373 /* plane.png in Resources */,
				28AAA5352976698800753373 /* engine.mp3 in Resources */,
				28AAA5272976698800753373 /* plane3.png in Resources */,
				28AAA5362976698800753373 /* thunder.mp3 in Resources */,
				28AAA503297652E300753373 /* Assets.xcassets in Resources */,
				28AAA5302976698800753373 /* ocean.png in Resources */,
				28AAA5332976698800753373 /* yay.ogg in Resources */,
				28AAA5372976698800753373 /* yay.mp3 in Resources */,
				28AAA52A2976698800753373 /* backButton.png in Resources */,
				28AAA52D2976698800753373 /* ocean.gif in Resources */,
				28AAA506297652E300753373 /* LaunchScreen.storyboard in Resources */,
				28AAA4FA297652E200753373 /* Actions.sks in Resources */,
				28AAA5312976698800753373 /* startButton.png in Resources */,
				28AAA52E2976698800753373 /* cloud.png in Resources */,
				28AAA5342976698800753373 /* engine.ogg in Resources */,
				28AAA5292976698800753373 /* plane1.png in Resources */,
				28AAA5282976698800753373 /* plane2.png in Resources */,
			);
			runOnlyForDeploymentPostprocessing = 0;
		};
/* End PBXResourcesBuildPhase section */

/* Begin PBXSourcesBuildPhase section */
		28AAA4EE297652E200753373 /* Sources */ = {
			isa = PBXSourcesBuildPhase;
			buildActionMask = 2147483647;
			files = (
				28AAA4FC297652E200753373 /* GameScene.swift in Sources */,
				28AAA50E2976663600753373 /* GameProtocol.swift in Sources */,
				28AAA4FE297652E200753373 /* GameViewController.swift in Sources */,
				28AAA4F6297652E200753373 /* AppDelegate.swift in Sources */,
				28AAA5102976674400753373 /* GameObject.swift in Sources */,
			);
			runOnlyForDeploymentPostprocessing = 0;
		};
/* End PBXSourcesBuildPhase section */

/* Begin PBXVariantGroup section */
		28AAA4FF297652E200753373 /* Main.storyboard */ = {
			isa = PBXVariantGroup;
			children = (
				28AAA500297652E200753373 /* Base */,
			);
			name = Main.storyboard;
			sourceTree = "<group>";
		};
		28AAA504297652E300753373 /* LaunchScreen.storyboard */ = {
			isa = PBXVariantGroup;
			children = (
				28AAA505297652E300753373 /* Base */,
			);
			name = LaunchScreen.storyboard;
			sourceTree = "<group>";
		};
/* End PBXVariantGroup section */

/* Begin XCBuildConfiguration section */
		28AAA507297652E300753373 /* Debug */ = {
			isa = XCBuildConfiguration;
			buildSettings = {
				ALWAYS_SEARCH_USER_PATHS = NO;
				CLANG_ANALYZER_NONNULL = YES;
				CLANG_ANALYZER_NUMBER_OBJECT_CONVERSION = YES_AGGRESSIVE;
				CLANG_CXX_LANGUAGE_STANDARD = "gnu++20";
				CLANG_ENABLE_MODULES = YES;
				CLANG_ENABLE_OBJC_ARC = YES;
				CLANG_ENABLE_OBJC_WEAK = YES;
				CLANG_WARN_BLOCK_CAPTURE_AUTORELEASING = YES;
				CLANG_WARN_BOOL_CONVERSION = YES;
				CLANG_WARN_COMMA = YES;
				CLANG_WARN_CONSTANT_CONVERSION = YES;
				CLANG_WARN_DEPRECATED_OBJC_IMPLEMENTATIONS = YES;
				CLANG_WARN_DIRECT_OBJC_ISA_USAGE = YES_ERROR;
				CLANG_WARN_DOCUMENTATION_COMMENTS = YES;
				CLANG_WARN_EMPTY_BODY = YES;
				CLANG_WARN_ENUM_CONVERSION = YES;
				CLANG_WARN_INFINITE_RECURSION = YES;
				CLANG_WARN_INT_CONVERSION = YES;
				CLANG_WARN_NON_LITERAL_NULL_CONVERSION = YES;
				CLANG_WARN_OBJC_IMPLICIT_RETAIN_SELF = YES;
				CLANG_WARN_OBJC_LITERAL_CONVERSION = YES;
				CLANG_WARN_OBJC_ROOT_CLASS = YES_ERROR;
				CLANG_WARN_QUOTED_INCLUDE_IN_FRAMEWORK_HEADER = YES;
				CLANG_WARN_RANGE_LOOP_ANALYSIS = YES;
				CLANG_WARN_STRICT_PROTOTYPES = YES;
				CLANG_WARN_SUSPICIOUS_MOVE = YES;
				CLANG_WARN_UNGUARDED_AVAILABILITY = YES_AGGRESSIVE;
				CLANG_WARN_UNREACHABLE_CODE = YES;
				CLANG_WARN__DUPLICATE_METHOD_MATCH = YES;
				COPY_PHASE_STRIP = NO;
				DEBUG_INFORMATION_FORMAT = dwarf;
				ENABLE_STRICT_OBJC_MSGSEND = YES;
				ENABLE_TESTABILITY = YES;
				GCC_C_LANGUAGE_STANDARD = gnu11;
				GCC_DYNAMIC_NO_PIC = NO;
				GCC_NO_COMMON_BLOCKS = YES;
				GCC_OPTIMIZATION_LEVEL = 0;
				GCC_PREPROCESSOR_DEFINITIONS = (
					"DEBUG=1",
					"$(inherited)",
				);
				GCC_WARN_64_TO_32_BIT_CONVERSION = YES;
				GCC_WARN_ABOUT_RETURN_TYPE = YES_ERROR;
				GCC_WARN_UNDECLARED_SELECTOR = YES;
				GCC_WARN_UNINITIALIZED_AUTOS = YES_AGGRESSIVE;
				GCC_WARN_UNUSED_FUNCTION = YES;
				GCC_WARN_UNUSED_VARIABLE = YES;
				IPHONEOS_DEPLOYMENT_TARGET = 16.1;
				MTL_ENABLE_DEBUG_INFO = INCLUDE_SOURCE;
				MTL_FAST_MATH = YES;
				ONLY_ACTIVE_ARCH = YES;
				SDKROOT = iphoneos;
				SWIFT_ACTIVE_COMPILATION_CONDITIONS = DEBUG;
				SWIFT_OPTIMIZATION_LEVEL = "-Onone";
			};
			name = Debug;
		};
		28AAA508297652E300753373 /* Release */ = {
			isa = XCBuildConfiguration;
			buildSettings = {
				ALWAYS_SEARCH_USER_PATHS = NO;
				CLANG_ANALYZER_NONNULL = YES;
				CLANG_ANALYZER_NUMBER_OBJECT_CONVERSION = YES_AGGRESSIVE;
				CLANG_CXX_LANGUAGE_STANDARD = "gnu++20";
				CLANG_ENABLE_MODULES = YES;
				CLANG_ENABLE_OBJC_ARC = YES;
				CLANG_ENABLE_OBJC_WEAK = YES;
				CLANG_WARN_BLOCK_CAPTURE_AUTORELEASING = YES;
				CLANG_WARN_BOOL_CONVERSION = YES;
				CLANG_WARN_COMMA = YES;
				CLANG_WARN_CONSTANT_CONVERSION = YES;
				CLANG_WARN_DEPRECATED_OBJC_IMPLEMENTATIONS = YES;
				CLANG_WARN_DIRECT_OBJC_ISA_USAGE = YES_ERROR;
				CLANG_WARN_DOCUMENTATION_COMMENTS = YES;
				CLANG_WARN_EMPTY_BODY = YES;
				CLANG_WARN_ENUM_CONVERSION = YES;
				CLANG_WARN_INFINITE_RECURSION = YES;
				CLANG_WARN_INT_CONVERSION = YES;
				CLANG_WARN_NON_LITERAL_NULL_CONVERSION = YES;
				CLANG_WARN_OBJC_IMPLICIT_RETAIN_SELF = YES;
				CLANG_WARN_OBJC_LITERAL_CONVERSION = YES;
				CLANG_WARN_OBJC_ROOT_CLASS = YES_ERROR;
				CLANG_WARN_QUOTED_INCLUDE_IN_FRAMEWORK_HEADER = YES;
				CLANG_WARN_RANGE_LOOP_ANALYSIS = YES;
				CLANG_WARN_STRICT_PROTOTYPES = YES;
				CLANG_WARN_SUSPICIOUS_MOVE = YES;
				CLANG_WARN_UNGUARDED_AVAILABILITY = YES_AGGRESSIVE;
				CLANG_WARN_UNREACHABLE_CODE = YES;
				CLANG_WARN__DUPLICATE_METHOD_MATCH = YES;
				COPY_PHASE_STRIP = NO;
				DEBUG_INFORMATION_FORMAT = "dwarf-with-dsym";
				ENABLE_NS_ASSERTIONS = NO;
				ENABLE_STRICT_OBJC_MSGSEND = YES;
				GCC_C_LANGUAGE_STANDARD = gnu11;
				GCC_NO_COMMON_BLOCKS = YES;
				GCC_WARN_64_TO_32_BIT_CONVERSION = YES;
				GCC_WARN_ABOUT_RETURN_TYPE = YES_ERROR;
				GCC_WARN_UNDECLARED_SELECTOR = YES;
				GCC_WARN_UNINITIALIZED_AUTOS = YES_AGGRESSIVE;
				GCC_WARN_UNUSED_FUNCTION = YES;
				GCC_WARN_UNUSED_VARIABLE = YES;
				IPHONEOS_DEPLOYMENT_TARGET = 16.1;
				MTL_ENABLE_DEBUG_INFO = NO;
				MTL_FAST_MATH = YES;
				SDKROOT = iphoneos;
				SWIFT_COMPILATION_MODE = wholemodule;
				SWIFT_OPTIMIZATION_LEVEL = "-O";
				VALIDATE_PRODUCT = YES;
			};
			name = Release;
		};
		28AAA50A297652E300753373 /* Debug */ = {
			isa = XCBuildConfiguration;
			buildSettings = {
				ASSETCATALOG_COMPILER_APPICON_NAME = AppIcon;
				ASSETCATALOG_COMPILER_GLOBAL_ACCENT_COLOR_NAME = AccentColor;
				CODE_SIGN_STYLE = Automatic;
				CURRENT_PROJECT_VERSION = 1;
				DEVELOPMENT_TEAM = 7K5Q798862;
				GENERATE_INFOPLIST_FILE = YES;
				INFOPLIST_KEY_UIApplicationSupportsIndirectInputEvents = YES;
				INFOPLIST_KEY_UILaunchStoryboardName = LaunchScreen;
				INFOPLIST_KEY_UIMainStoryboardFile = Main;
				INFOPLIST_KEY_UIStatusBarHidden = YES;
				INFOPLIST_KEY_UISupportedInterfaceOrientations_iPad = "UIInterfaceOrientationPortrait UIInterfaceOrientationPortraitUpsideDown UIInterfaceOrientationLandscapeLeft UIInterfaceOrientationLandscapeRight";
				INFOPLIST_KEY_UISupportedInterfaceOrientations_iPhone = "UIInterfaceOrientationPortrait UIInterfaceOrientationLandscapeLeft UIInterfaceOrientationLandscapeRight";
				LD_RUNPATH_SEARCH_PATHS = (
					"$(inherited)",
					"@executable_path/Frameworks",
				);
				MARKETING_VERSION = 1.0;
				PRODUCT_BUNDLE_IDENTIFIER = "ios.centennial.com.MAPD724-W2023-ICE-1A-AdrianaDiaz";
				PRODUCT_NAME = "$(TARGET_NAME)";
				SWIFT_EMIT_LOC_STRINGS = YES;
				SWIFT_VERSION = 5.0;
				TARGETED_DEVICE_FAMILY = "1,2";
			};
			name = Debug;
		};
		28AAA50B297652E300753373 /* Release */ = {
			isa = XCBuildConfiguration;
			buildSettings = {
				ASSETCATALOG_COMPILER_APPICON_NAME = AppIcon;
				ASSETCATALOG_COMPILER_GLOBAL_ACCENT_COLOR_NAME = AccentColor;
				CODE_SIGN_STYLE = Automatic;
				CURRENT_PROJECT_VERSION = 1;
				DEVELOPMENT_TEAM = 7K5Q798862;
				GENERATE_INFOPLIST_FILE = YES;
				INFOPLIST_KEY_UIApplicationSupportsIndirectInputEvents = YES;
				INFOPLIST_KEY_UILaunchStoryboardName = LaunchScreen;
				INFOPLIST_KEY_UIMainStoryboardFile = Main;
				INFOPLIST_KEY_UIStatusBarHidden = YES;
				INFOPLIST_KEY_UISupportedInterfaceOrientations_iPad = "UIInterfaceOrientationPortrait UIInterfaceOrientationPortraitUpsideDown UIInterfaceOrientationLandscapeLeft UIInterfaceOrientationLandscapeRight";
				INFOPLIST_KEY_UISupportedInterfaceOrientations_iPhone = "UIInterfaceOrientationPortrait UIInterfaceOrientationLandscapeLeft UIInterfaceOrientationLandscapeRight";
				LD_RUNPATH_SEARCH_PATHS = (
					"$(inherited)",
					"@executable_path/Frameworks",
				);
				MARKETING_VERSION = 1.0;
				PRODUCT_BUNDLE_IDENTIFIER = "ios.centennial.com.MAPD724-W2023-ICE-1A-AdrianaDiaz";
				PRODUCT_NAME = "$(TARGET_NAME)";
				SWIFT_EMIT_LOC_STRINGS = YES;
				SWIFT_VERSION = 5.0;
				TARGETED_DEVICE_FAMILY = "1,2";
			};
			name = Release;
		};
/* End XCBuildConfiguration section */

/* Begin XCConfigurationList section */
		28AAA4ED297652E100753373 /* Build configuration list for PBXProject "MAPD724-W2023-ICE-1A-AdrianaDiaz" */ = {
			isa = XCConfigurationList;
			buildConfigurations = (
				28AAA507297652E300753373 /* Debug */,
				28AAA508297652E300753373 /* Release */,
			);
			defaultConfigurationIsVisible = 0;
			defaultConfigurationName = Release;
		};
		28AAA509297652E300753373 /* Build configuration list for PBXNativeTarget "MAPD724-W2023-ICE-1A-AdrianaDiaz" */ = {
			isa = XCConfigurationList;
			buildConfigurations = (
				28AAA50A297652E300753373 /* Debug */,
				28AAA50B297652E300753373 /* Release */,
			);
			defaultConfigurationIsVisible = 0;
			defaultConfigurationName = Release;
		};
/* End XCConfigurationList section */
	};
	rootObject = 28AAA4EA297652E100753373 /* Project object */;
}
